github.com/BurntSushi/toml v1.0.0 h1:dtDWrepsVPfW9H/4y7dDgFc2MBUSeJhlaDtK13CxFlU=
github.com/BurntSushi/toml v1.0.0/go.mod h1:CxXYINrC8qIiEnFrOxCa7Jy5BFHlXnUU2pbicEuybxQ=
github.com/OneOfOne/xxhash v1.2.2/go.mod h1:HSdplMjZKSmBqAxg5vPj2TmRDmfkzw+cTzAElWljhcU=
github.com/aws/aws-sdk-go-v2 v1.14.0/go.mod h1:ZA3Y8V0LrlWj63MQAnRHgKf/5QB//LSZCPNWlWrNGLU=
github.com/aws/aws-sdk-go-v2/aws/protocol/eventstream v1.3.0/go.mod h1:bzV23FofBz0AUG8X+eIVB1cGQOoJ8XnH0Vkn3qefE9Q=
github.com/aws/aws-sdk-go-v2/credentials v1.9.0/go.mod h1:PyHKqk/+tJuDY7T8R580S1j/AcSD+ODeUZ99CAUKLqQ=
github.com/aws/aws-sdk-go-v2/feature/ec2/imds v1.11.0/go.mod h1:rwdUKJV5rm+vHu1ncD1iGDqahBEL8O0tBjVqo9eO2N0=
github.com/aws/aws-sdk-go-v2/internal/configsources v1.1.5/go.mod h1:2hXc8ooJqF2nAznsbJQIn+7h851/bu8GVC80OVTTqf8=
github.com/aws/aws-sdk-go-v2/internal/endpoints/v2 v2.3.0/go.mod h1:miRSv9l093jX/t/j+mBCaLqFHo9xKYzJ7DGm1BsGoJM=
github.com/aws/aws-sdk-go-v2/service/internal/accept-encoding v1.8.0/go.mod h1:mEqrz8QJ8KnXvoSGOb7R7eoJ7nJZlaL5PPNwrJERUmg=
github.com/aws/aws-sdk-go-v2/service/internal/checksum v1.0.0/go.mod h1:c/EkM1w25FAbswsEVdW7FgrEnK6fyvibVOHkKydDrsU=
github.com/aws/aws-sdk-go-v2/service/internal/presigned-url v1.8.0/go.mod h1:rBDLgXDAwHOfxZKLRDl8OGTPzFDC+a2pLqNNj8+QwfI=
github.com/aws/aws-sdk-go-v2/service/internal/s3shared v1.12.0/go.mod h1:c/5k8PAX9Xof97YwYLWRXxx8JZNawUmX4Ok+IFyUpOY=
github.com/aws/aws-sdk-go-v2/service/s3 v1.25.0/go.mod h1:/uGoODN0y7QnNLU1iFIU+Lwq6c0L2auOkDeWcq3Osys=
github.com/aws/aws-sdk-go-v2/service/sso v1.10.0/go.mod h1:m1CRRFX7eH3EE6w0ntdu+lo+Ph9VS7y8qRV/vdym0ZY=
github.com/aws/aws-sdk-go-v2/service/sts v1.15.0/go.mod h1:E264g2Gl5U9KTGzmd8ypGEAoh75VmqyuA/Ox5O1eRE4=
github.com/aws/smithy-go v1.11.0/go.mod h1:3xHYmszWVx2c0kIwQeEVf9uSm4fYZt67FBJnwub1bgM=
github.com/aymerick/raymond v2.0.2+incompatible h1:VEp3GpgdAnv9B2GFyTvqgcKvY+mfKMjPOA3SbKLtnU0=
github.com/aymerick/raymond v2.0.2+incompatible/go.mod h1:osfaiScAUVup+UC9Nfq76eWqDhXlp+4UYaA8uhTBO6g=
github.com/cespare/xxhash v1.1.0 h1:a6HrQnmkObjyL+Gs60czilIUGqrzKutQD6XZog3p+ko=
github.com/cespare/xxhash v1.1.0/go.mod h1:XrSqR1VqqWfGrhpAt58auRo0WTKS1nRRg3ghfAqPWnc=
github.com/coocood/freecache v1.2.0 h1:p8RhjN6Y4DRBIMzdRlm1y+M7h7YJxye3lGW8/VvzCz0=
github.com/coocood/freecache v1.2.0/go.mod h1:OKrEjkGVoxZhyWAJoeFi5BMLUJm2Tit0kpGkIr7NGYY=
github.com/davecgh/go-spew v1.1.0/go.mod h1:J7Y8YcW2NihsgmVo/mv3lAwl/skON4iLHjSsI+c5H38=
github.com/denisenkom/go-mssqldb v0.9.0/go.mod h1:xbL0rPBG9cCiLr28tMa8zpbdarY27NDyej4t/EjAShU=
github.com/fsnotify/fsnotify v1.4.7/go.mod h1:jwhsz4b93w/PPRr/qN1Yymfu8t87LnFCMoQvtojpjFo=
github.com/fsnotify/fsnotify v1.6.0 h1:n+5WquG0fcWoWp6xPWfHdbskMCQaFnG6PfBrh1Ky4HY=
github.com/fsnotify/fsnotify v1.6.0/go.mod h1:sl3t1tCWJFWoRz9R8WJCbQihKKwmorjAbSClcnxKAGw=
github.com/go-sql-driver/mysql v1.5.0 h1:ozyZYNQW3x3HtqT1jira07DN2PArx2v7/mN66gGcHOs=
github.com/go-sql-driver/mysql v1.5.0/go.mod h1:DCzpHaOWr8IXmIStZouvnhqoel9Qv2LBy8hT2VhHyBg=
github.com/golang-sql/civil v0.0.0-20190719163853-cb61b32ac6fe/go.mod h1:8vg3r2VgvsThLBIFL93Qb5yWzgyZWhEmBwUJWevAkK0=
github.com/golang/protobuf v1.2.0/go.mod h1:6lQm79b+lXiMfvg/cZm0SGofjICqVBUtrP5yJMmIC1U=
github.com/golang/protobuf v1.3.1 h1:YF8+flBXS5eO826T4nzqPrxfhQThhXl0YzfuUPu4SBg=
github.com/golang/protobuf v1.3.1/go.mod h1:6lQm79b+lXiMfvg/cZm0SGofjICqVBUtrP5yJMmIC1U=
github.com/golang/snappy v0.0.0-20180518054509-2e65f85255db h1:woRePGFeVFfLKN/pOkfl+p/TAqKOfFu+7KPlMVpok/w=
github.com/golang/snappy v0.0.0-20180518054509-2e65f85255db/go.mod h1:/XxbfmMg8lxefKM7IXC3fBNl/7bRcc72aCRzEWrmP2Q=
github.com/gomodule/redigo v2.0.0+incompatible/go.mod h1:B4C85qUVwatsJoIUNIfCRsp7qO0iAmpGFZ4EELWSbC4=
github.com/google/go-cmp v0.5.7/go.mod h1:n+brtR0CgQNWTVd5ZUFpTBC8YFBDLK/h/bpaJ8/DtOE=
github.com/gorilla/securecookie v1.1.1/go.mod h1:ra0sb63/xPlUeL+yeDciTfxMRAA+MP+HVt/4epWDjd4=
github.com/gorilla/sessions v1.2.1/go.mod h1:dk2InVEVJ0sfLlnXv9EAgkf6ecYs/i80K/zI+bUmuGM=
github.com/herb-go/datamodule-drivers v0.0.0-20211211174405-516594195d2c h1:qMpe7RXSQEgI17QML2U9G5qhnnKzRyoHw3YXW2pSXjc=
github.com/herb-go/datamodule-drivers v0.0.0-20211211174405-516594195d2c/go.mod h1:1tcuRvrHgyoSfJaRQGP/0o0FPSUgXygL1dMKU0bUo30=
github.com/herb-go/datamodules v0.0.0-20211216180520-7d46fff75b08 h1:5mB3+9r22cEX9pzms3x6UovplcjGXlFvrC4uFFEnpEE=
github.com/herb-go/datamodules v0.0.0-20211216180520-7d46fff75b08/go.mod h1:HhKtquiOn0xBSfLfdzb2tcjcyzE8GVM8eRJLhtt0DAI=
github.com/herb-go/datasource v0.0.0-20201124135106-df914dd955dd/go.mod h1:LwVuC9ian/wLoaNe9HSrqfGsK8Y6hc6lBg3AMhD8ozk=
github.com/herb-go/datasource v0.0.0-20211122123843-a3546acd0d8d h1:FnyR7t0dmvpeZ24jldt2LwNlmqumTUNxEZlmO10Ka9M=
github.com/herb-go/datasource v0.0.0-20211122123843-a3546acd0d8d/go.mod h1:VFDCNa6YNGvEy3YPg9cBdr2aYFEQagXVXbqfU8zwzb4=
github.com/herb-go/datasource-drivers v0.0.0-20201011165914-7717acb90545 h1:WyV3ABpu5GhTxeJe2yYrCi5NZSgox4tdnfRCQiYvLBg=
github.com/herb-go/datasource-drivers v0.0.0-20201011165914-7717acb90545/go.mod h1:ANYyxzgRT+z0jfCswVTJ4bWKdT9sBsnPzASfc/YJzwE=
github.com/herb-go/deprecated v0.0.0-20211208162728-2c17daf04a11 h1:G/TtzXMPtaV/lXa9r2J9UrMVCvaMd/7foCDieAYc/Uo=
github.com/herb-go/deprecated v0.0.0-20211208162728-2c17daf04a11/go.mod h1:k28Z2bVHWkVqEngFAm0nQAIRdDCXfs+40FN7xYtHt1o=
github.com/herb-go/fetcher v0.0.0-20220216150213-9f82967c6fc0/go.mod h1:OaQ31Atp11eU+KOG6Iz0tYL6EzDGoVwNLfzUvOZCPn8=
github.com/herb-go/fetcher v0.0.0-20220302132653-137ec53a4293 h1:XO+/ukOJf9g7Yyd+kNcYKgH1Qd+dcFYIcHILYR5ii2k=
github.com/herb-go/fetcher v0.0.0-20220302132653-137ec53a4293/go.mod h1:OaQ31Atp11eU+KOG6Iz0tYL6EzDGoVwNLfzUvOZCPn8=
github.com/herb-go/herb v0.0.0-20220217124526-724bf7d5e579 h1:Nq3+RZRUi3fOlrA5UNlbJsBTyoDz1wACYLarwewcFxY=
github.com/herb-go/herb v0.0.0-20220217124526-724bf7d5e579/go.mod h1:epDwnEWl9B23uBEKz8mLk0GuHm04MSp4rnIZev0wiwA=
github.com/herb-go/herb-drivers v0.0.0-20210401170439-32eb00e8f0d5 h1:bYs8pCWVDu6lIALEQ87v+L3tX/3FVgcug4itUPtoUss=
github.com/herb-go/herb-drivers v0.0.0-20210401170439-32eb00e8f0d5/go.mod h1:LWVMZGHn4+7pXIFd30oLj36zSwLomKxWiWFsF+vY0ZQ=
github.com/herb-go/herbconfig v0.0.0-20210201131438-44d8e331b703 h1:aEnFmsx4aq/edjRn7bw58LAxR52X9oouWeEE//SgIpg=
github.com/herb-go/herbconfig v0.0.0-20210201131438-44d8e331b703/go.mod h1:Ws/99AdD6PWdGzCoVvqaPMU/qgJJxJTBykFz+20sd/E=
github.com/herb-go/herbdata v0.0.0-20211208163122-48f0cedda4b4 h1:S074LCn0hNuwXBzD8K2BQbT5KyKct4c535YdHyd9Tc8=
github.com/herb-go/herbdata v0.0.0-20211208163122-48f0cedda4b4/go.mod h1:oZik9+D5l2MMRZ1QLGvkKSFkAvCuE/kFHWV2nE7GexY=
github.com/herb-go/herbdata-drivers v0.0.0-20210316183942-005f04b16884 h1:Qi4gC0bSssnxs3WDf+G0beYbq8E+7ZN+IMJ4AdnytTI=
github.com/herb-go/herbdata-drivers v0.0.0-20210316183942-005f04b16884/go.mod h1:Sd3ROdNwAioR6C8UuU+I2lCrLhrshpePOiVdUfU4acc=
github.com/herb-go/herbmodule-drivers v0.0.0-20211014162935-8125fc21e8d0 h1:mJHmkDEvgKam87dXvycubjS7jRNfX2ywolrVt9LhlOc=
github.com/herb-go/herbmodule-drivers v0.0.0-20211014162935-8125fc21e8d0/go.mod h1:kGFqnUOp5fE9lnr5IHIBNEaFvMDS+tdpFW/EOA+Vl9g=
github.com/herb-go/herbmodules v0.0.0-20220309163152-ba0f816db622 h1:l6Vo4K793p4s7qF1qcvhxg+qnFmnPQ/3OzpSuW4LRPM=
github.com/herb-go/herbmodules v0.0.0-20220309163152-ba0f816db622/go.mod h1:fVlRGN7zKVAzinYRwRFqH+nDcgrEQd+pY+rsa84MJ6s=
github.com/herb-go/herbsecurity v0.0.0-20210518130010-5aca00c8cb23 h1:zRWOZTMT2tFhuo4sN23ajj06Nyc2CvFMJgeU6gM3h5Q=
github.com/herb-go/herbsecurity v0.0.0-20210518130010-5aca00c8cb23/go.mod h1:3qTDE6F//Y8r1GnVvVZuTi3TUnRY/KbbehEJBpSt9uU=
github.com/herb-go/herbsystem v0.0.0-20211212172748-5998d3b554c5 h1:ntX3xU2NGfKSoJZMmcjMwptaibM4V0VTQ49TojnaIOg=
github.com/herb-go/herbsystem v0.0.0-20211212172748-5998d3b554c5/go.mod h1:Io/Uyoq/jTUOQZkM0HzWOgrA2TCByakZRcU48nhk1MI=
github.com/herb-go/herbtext v0.0.0-20210303154930-6bc39729d65f h1:fBTyOkPrl1YAPlsxjyFWLO0R3FmKlRxTdiyORl79adA=
github.com/herb-go/herbtext v0.0.0-20210303154930-6bc39729d65f/go.mod h1:YHoGOZIKCMSeAm5RtZ4gdst9YLWfDETiBIWidVm0VSw=
github.com/herb-go/herbtext-drivers v0.0.0-20210130160355-3de8ebdb8dbe h1:IvQQxV+QWuiOMYAuLVWCbpkK+DqfDXW78mqZ1OQkXRg=
github.com/herb-go/herbtext-drivers v0.0.0-20210130160355-3de8ebdb8dbe/go.mod h1:CgxHFqvl+ISgOg2viKjgqk1vYVJ+1kHY0Hc37JF6u+s=
github.com/herb-go/logger v0.0.0-20210115164802-8259bb9dcc90 h1:bgr4Q5iG44ihO3NZK109xh3QMR5+r6q2Q9hWJhvMJcU=
github.com/herb-go/logger v0.0.0-20210115164802-8259bb9dcc90/go.mod h1:Unbyc9sDRQawPLG4O6/AgqLF6/n/T7X58ft3QJOwuCI=
github.com/herb-go/misc v0.0.0-20211126182020-07f86379a857/go.mod h1:BN0WWQ5UZCd37QpMXm2qXx55Eqonjioa0eQ+VgOivsY=
github.com/herb-go/notification v0.0.0-20210302124907-803885c438c3 h1:8vvRbv2DkZQoTu+sTP+TNGViEcRxfcJYxvTGhgS3svg=
github.com/herb-go/notification v0.0.0-20210302124907-803885c438c3/go.mod h1:1Zzsrc5tv4WvRtSB0hiYayGrMc3GTr+JfhKpPIyLnuM=
github.com/herb-go/notification-drivers v0.0.0-20210822103310-c7c872299d2b h1:+AEe/q6ZX36FqMfJtQlLorUumIFtLAF3YiaCRcFW5Yo=
github.com/herb-go/notification-drivers v0.0.0-20210822103310-c7c872299d2b/go.mod h1:kGEy5FkpvYdZ1M21pLXV+T9BXE4eFmQCMUqVW9b1hfg=
github.com/herb-go/providers v0.0.0-20220301135300-9b96405a44a2 h1:04sW/pKncwj64QlljD6YmaH6of+9fUfWNVzefjaa+Yo=
github.com/herb-go/providers v0.0.0-20220301135300-9b96405a44a2/go.mod h1:faPnxQJn/Ik9AxMZsJCwReG12tu6C3vrCCJfxTZ4cDo=
github.com/herb-go/remoteprocedure v0.0.0-20210323133742-9a87fba260e8 h1:2A3ES7AHo5aslhsH9b5/tXAcyam9Ztw+AsO2n7vMANA=
github.com/herb-go/remoteprocedure v0.0.0-20210323133742-9a87fba260e8/go.mod h1:IjCxVjuBtR8T06xxL+PaHbYrB7OBXXkgHqFw1tLcULo=
github.com/herb-go/uniqueid v0.0.0-20210304163719-ac56f6357531/go.mod h1:Anvh+YXng5fWGXy9Y6oWcTUUYQlXHzgeVh/0as237EM=
github.com/herb-go/usersystem v0.0.0-20211212172804-6f239a56189a h1:pI025PP0pIC2iCFkwOCMhx/a6o+hte7a9XjtHE/lkQQ=
github.com/herb-go/usersystem v0.0.0-20211212172804-6f239a56189a/go.mod h1:Skn6qPbvww0gidjjtDDQ9Q51LF3wH/+0COqSOMugp1Q=
github.com/herb-go/usersystem-drivers v0.0.0-20211222174130-be25ffa5c06f h1:Gus79Z5Zmvcoudz/cERVI0Q2a5g+nFQEa4gWe6i2+pA=
github.com/herb-go/usersystem-drivers v0.0.0-20211222174130-be25ffa5c06f/go.mod h1:2Rwo1HP3IAxERhKB12wcH1Nwoscd8ZGniJYLXFV/xAI=
github.com/herb-go/util v0.0.0-20220130130943-4a3a873ef043 h1:bHKLgqPXVZvEVIMUvcbZMt+1VVXWS8oPsUSzn/75Idk=
github.com/herb-go/util v0.0.0-20220130130943-4a3a873ef043/go.mod h1:lhVdeH5IRD13aZn8ca5h6lq/ABDC9cFbfuXJfHK3oxo=
github.com/herb-go/worker v0.0.0-20210318151232-dbaf101c7d73 h1:SipUePmeYLlptd3NgikXBg8ebHEo8IZFaq91UdaiWt0=
github.com/herb-go/worker v0.0.0-20210318151232-dbaf101c7d73/go.mod h1:EuxhyAY14GgxIAKMDACoGzel9Of+11mDhWGrl7fkbQo=
github.com/hpcloud/tail v1.0.0/go.mod h1:ab1qPbhIpdTxEkNHXyeSf5vhxWSCs/tWer42PpOxQnU=
github.com/jmespath/go-jmespath v0.4.0/go.mod h1:T8mJZnbsbmF+m6zOOFylbeCJqk5+pHWvzYPziyZiYoo=
github.com/jmespath/go-jmespath/internal/testify v1.5.1/go.mod h1:L3OGu8Wl2/fWfCI6z80xFu9LTZmf1ZRjMHUOPmWr69U=
github.com/jordan-wright/email v4.0.1-0.20210109023952-943e75fe5223+incompatible h1:jdpOPRN1zP63Td1hDQbZW73xKmzDvZHzVdNYxhnTMDA=
github.com/jordan-wright/email v4.0.1-0.20210109023952-943e75fe5223+incompatible/go.mod h1:1c7szIrayyPPB/987hsnvNzLushdWf4o/79s3P08L8A=
github.com/kr/pretty v0.2.1 h1:Fmg33tUaq4/8ym9TJN1x7sLJnHVwhP33CNkpYV/7rwI=
github.com/kr/pretty v0.2.1/go.mod h1:ipq/a2n7PKx3OHsz4KJII5eveXtPO4qwEXGdVfWzfnI=
github.com/kr/pty v1.1.1/go.mod h1:pFQYn66WHrOpPYNljwOMqo10TkYh1fy3cYio2l3bCsQ=
github.com/kr/text v0.1.0 h1:45sCR5RtlFHMR4UwH9sdQ5TC8v0qDQCHnXt+kaKSTVE=
github.com/kr/text v0.1.0/go.mod h1:4Jbv+DJW3UT/LiOwJeYQe1efqtUx/iVham/4vfdArNI=
github.com/lib/pq v1.9.0/go.mod h1:AlVN5x4E4T544tWzH6hKfbfQvm3HdbOxrmggDNAPY9o=
github.com/mattn/go-sqlite3 v1.14.6 h1:dNPt6NO46WmLVt2DLNpwczCmdV5boIZ6g/tlDrlRUbg=
github.com/mattn/go-sqlite3 v1.14.6/go.mod h1:NyWgC/yNuGj7Q9rpYnZvas74GogHl5/Z4A/KQRfk6bU=
github.com/onsi/ginkgo v1.6.0/go.mod h1:lLunBs/Ym6LB5Z9jYTR76FiuTmxDTDusOGeTQH+WWjE=
github.com/onsi/ginkgo v1.7.0/go.mod h1:lLunBs/Ym6LB5Z9jYTR76FiuTmxDTDusOGeTQH+WWjE=
github.com/onsi/gomega v1.4.3/go.mod h1:ex+gbHU/CVuBBDIJjb2X0qEXbFg53c61hWP/1CpauHY=
github.com/pmezard/go-difflib v1.0.0/go.mod h1:iKH77koFhYxTK1pcRnkKkqfTogsbg7gZNVY4sRDYZ/4=
github.com/spaolacci/murmur3 v0.0.0-20180118202830-f09979ecbc72/go.mod h1:JwIasOWyU6f++ZhiEuf87xNszmSA2myDM2Kzu9HwQUA=
github.com/stretchr/objx v0.1.0/go.mod h1:HFkY916IF+rwdDfMAkV7OtwuqBVzrE8GR6GFx+wExME=
github.com/syndtr/goleveldb v1.0.0 h1:fBdIW9lB4Iz0n9khmH8w27SJ3QEJ7+IgjPEwGSZiFdE=
github.com/syndtr/goleveldb v1.0.0/go.mod h1:ZVVdQEZoIme9iO1Ch2Jdy24qqXrMMOU6lpPAyBWyWuQ=
github.com/vmihailenco/msgpack v3.3.3+incompatible h1:wapg9xDUZDzGCNFlwc5SqI1rvcciqcxEHac4CYj89xI=
github.com/vmihailenco/msgpack v3.3.3+incompatible/go.mod h1:fy3FlTQTDXWkZ7Bh6AcGMlsjHatGryHQYUTf1ShIgkk=
golang.org/x/crypto v0.0.0-20190308221718-c2843e01d9a2/go.mod h1:djNgcEr1/C05ACkg1iLfiJU5Ep61QUkGW8qpdssI0+w=
golang.org/x/crypto v0.0.0-20190325154230-a5d413f7728c/go.mod h1:djNgcEr1/C05ACkg1iLfiJU5Ep61QUkGW8qpdssI0+w=
golang.org/x/mod v0.13.0 h1:I/DsJXRlw/8l/0c24sM9yb0T4z9liZTduXvdAWYiysY=
golang.org/x/mod v0.13.0/go.mod h1:hTbmBsO62+eylJbnUtE2MGJUyE7QWk4xUqPFrRgJ+7c=
golang.org/x/net v0.0.0-20180906233101-161cd47e91fd/go.mod h1:mL1N/T3taQHkDXs73rZJwtUhF3w3ftmwwsq0BUmARs4=
golang.org/x/net v0.0.0-20190603091049-60506f45cf65/go.mod h1:HSz+uSET+XFnRR8LxR5pz3Of3rY3CfYBVs4xY44aLks=
golang.org/x/net v0.0.0-20220225172249-27dd8689420f/go.mod h1:CfG3xpIq0wQ8r1q4Su4UZFWDARRcnwPjda9FqA0JpMk=
golang.org/x/net v0.17.0 h1:pVaXccu2ozPjCXewfr1S7xza/zcXTity9cCdXQYSjIM=
golang.org/x/net v0.17.0/go.mod h1:NxSsAGuq816PNPmqtQdLE42eU2Fs7NoRIZrHJAlaCOE=
golang.org/x/sync v0.0.0-20180314180146-1d60e4601c6f/go.mod h1:RxMgew5VJxzue5/jJTE5uejpjVlOe/izrB70Jof72aM=
golang.org/x/sys v0.0.0-20180909124046-d0be0721c37e/go.mod h1:STP8DvDyc/dI5b8T5hshtkjS+E42TnysNCUPdjciGhY=
golang.org/x/sys v0.0.0-20190215142949-d0b11bdaac8a/go.mod h1:STP8DvDyc/dI5b8T5hshtkjS+E42TnysNCUPdjciGhY=
golang.org/x/sys v0.0.0-20210615035016-665e8c7367d1/go.mod h1:oPkhp1MJrh7nUepCBck5+mAzfO9JrbApNNgaTdGDITg=
golang.org/x/sys v0.0.0-20211216021012-1d35b9e2eb4e/go.mod h1:oPkhp1MJrh7nUepCBck5+mAzfO9JrbApNNgaTdGDITg=
golang.org/x/sys v0.0.0-20220908164124-27713097b956/go.mod h1:oPkhp1MJrh7nUepCBck5+mAzfO9JrbApNNgaTdGDITg=
golang.org/x/sys v0.13.0 h1:Af8nKPmuFypiUBjVoU9V20FiaFXOcuZI21p0ycVYYGE=
golang.org/x/sys v0.13.0/go.mod h1:oPkhp1MJrh7nUepCBck5+mAzfO9JrbApNNgaTdGDITg=
golang.org/x/term v0.0.0-20210927222741-03fcf44c2211/go.mod h1:jbD1KX2456YbFQfuXm/mYQcufACuNUgVhRMnK/tPxf8=
golang.org/x/text v0.3.0/go.mod h1:NqM8EUOU14njkJ3fqMW+pc6Ldnwhi/IjpwHt7yyuwOQ=
golang.org/x/text v0.3.2/go.mod h1:bEr9sfX3Q8Zfm5fL9x+3itogRgK3+ptLWKqgva+5dAk=
golang.org/x/text v0.3.7/go.mod h1:u+2+/6zg+i71rQMx5EYifcz6MCKuco9NR6JIITiCfzQ=
golang.org/x/tools v0.0.0-20180917221912-90fa682c2a6e/go.mod h1:n7NCudcB/nEzxVGmLbDWY5pfWTLqBcC2KZ6jyYvM4mQ=
golang.org/x/xerrors v0.0.0-20191204190536-9bdfabe68543/go.mod h1:I/5z698sn9Ka8TeJc9MKroUUfqBBauWjQqLJ2OPfmY0=
google.golang.org/appengine v1.6.7 h1:FZR1q0exgwxzPzp/aF+VccGrSfxfPpkBqjIIEq3ru6c=
google.golang.org/appengine v1.6.7/go.mod h1:8WjMMxjGQR8xUklV/ARdw2HLXBOI7O7uCIDZVag1xfc=
gopkg.in/check.v1 v0.0.0-20161208181325-20d25e280405/go.mod h1:Co6ibVJAznAaIkqp8huTwlJQCZ016jof/cbN4VW5Yz0=
gopkg.in/check.v1 v1.0.0-20201130134442-10cb98267c6c h1:Hei/4ADfdWqJk1ZMxUNpqntNwaWcugrBjAiHlqqRiVk=
gopkg.in/check.v1 v1.0.0-20201130134442-10cb98267c6c/go.mod h1:JHkPIbrfpd72SG/EVd6muEfDQjcINNoR0C8j2r3qZ4Q=
gopkg.in/fsnotify.v1 v1.4.7/go.mod h1:Tz8NjZHkW78fSQdbUxIjBTcgA1z1m8ZHf0WmKUhAMys=
gopkg.in/tomb.v1 v1.0.0-20141024135613-dd632973f1e7/go.mod h1:dt/ZhP58zS4L8KSrWDmTeBkI65Dw0HsyUHuEVlX15mw=
gopkg.in/vmihailenco/msgpack.v2 v2.9.2/go.mod h1:/3Dn1Npt9+MYyLpYYXjInO/5jvMLamn+AEGwNEOatn8=
gopkg.in/yaml.v2 v2.2.1/go.mod h1:hI93XBmqTisBFMUTm0b8Fm+jr3Dg1NNxqwp+5A1VGuI=
gopkg.in/yaml.v2 v2.2.8 h1:obN1ZagJSUGI0Ek/LBmuj4SNLPfIny3KsKFopxRdj10=
gopkg.in/yaml.v2 v2.2.8/go.mod h1:hI93XBmqTisBFMUTm0b8Fm+jr3Dg1NNxqwp+5A1VGuI=
